
Microsoft Visual Studio Solution File, Format Version 12.00
# Visual Studio Version 16
VisualStudioVersion = 16.0.29209.62
MinimumVisualStudioVersion = 10.0.40219.1
Project("{FAE04EC0-301F-11D3-BF4B-00C04F79EFBC}") = "Conta", "Conta\Conta.csproj", "{932405E0-17BC-4DD7-AEF4-17E88600CD20}"
EndProject
Global
	GlobalSection(SolutionConfigurationPlatforms) = preSolution
		Debug|Any CPU = Debug|Any CPU
		Release|Any CPU = Release|Any CPU
	EndGlobalSection
	GlobalSection(ProjectConfigurationPlatforms) = postSolution
		{932405E0-17BC-4DD7-AEF4-17E88600CD20}.Debug|Any CPU.ActiveCfg = Debug|Any CPU
		{932405E0-17BC-4DD7-AEF4-17E88600CD20}.Debug|Any CPU.Build.0 = Debug|Any CPU
		{932405E0-17BC-4DD7-AEF4-17E88600CD20}.Release|Any CPU.ActiveCfg = Release|Any CPU
		{932405E0-17BC-4DD7-AEF4-17E88600CD20}.Release|Any CPU.Build.0 = Release|Any CPU
	EndGlobalSection
	GlobalSection(SolutionProperties) = preSolution
		HideSolutionNode = FALSE
	EndGlobalSection
	GlobalSection(ExtensibilityGlobals) = postSolution
		SolutionGuid = {54D571FC-7238-4676-B8CF-FE0710D2BC73}
	EndGlobalSection
EndGlobal
