
Microsoft Visual Studio Solution File, Format Version 12.00
# Visual Studio Version 16
VisualStudioVersion = 16.0.29209.62
MinimumVisualStudioVersion = 10.0.40219.1
Project("{FAE04EC0-301F-11D3-BF4B-00C04F79EFBC}") = "produto em estoque", "produto em estoque\produto em estoque.csproj", "{E312FCBA-1A4F-4011-8429-505337D1DC0C}"
EndProject
Global
	GlobalSection(SolutionConfigurationPlatforms) = preSolution
		Debug|Any CPU = Debug|Any CPU
		Release|Any CPU = Release|Any CPU
	EndGlobalSection
	GlobalSection(ProjectConfigurationPlatforms) = postSolution
		{E312FCBA-1A4F-4011-8429-505337D1DC0C}.Debug|Any CPU.ActiveCfg = Debug|Any CPU
		{E312FCBA-1A4F-4011-8429-505337D1DC0C}.Debug|Any CPU.Build.0 = Debug|Any CPU
		{E312FCBA-1A4F-4011-8429-505337D1DC0C}.Release|Any CPU.ActiveCfg = Release|Any CPU
		{E312FCBA-1A4F-4011-8429-505337D1DC0C}.Release|Any CPU.Build.0 = Release|Any CPU
	EndGlobalSection
	GlobalSection(SolutionProperties) = preSolution
		HideSolutionNode = FALSE
	EndGlobalSection
	GlobalSection(ExtensibilityGlobals) = postSolution
		SolutionGuid = {D4F89132-B8A1-4276-B7B7-FE2D0792C066}
	EndGlobalSection
EndGlobal
